// !$*UTF8*$!
{
	archiveVersion = 1;
	classes = {
	};
	objectVersion = 46;
	objects = {

/* Begin PBXBuildFile section */
		A29863541C409135006C397E /* AppDelegate.swift in Sources */ = {isa = PBXBuildFile; fileRef = A29863531C409135006C397E /* AppDelegate.swift */; };
		A29863591C409135006C397E /* Main.storyboard in Resources */ = {isa = PBXBuildFile; fileRef = A29863571C409135006C397E /* Main.storyboard */; };
		A298635B1C409135006C397E /* Assets.xcassets in Resources */ = {isa = PBXBuildFile; fileRef = A298635A1C409135006C397E /* Assets.xcassets */; };
		A298635E1C409135006C397E /* LaunchScreen.storyboard in Resources */ = {isa = PBXBuildFile; fileRef = A298635C1C409135006C397E /* LaunchScreen.storyboard */; };
		A2B65A441C4BE6580013AA13 /* FriendDetailsViewController.swift in Sources */ = {isa = PBXBuildFile; fileRef = A2B65A431C4BE6580013AA13 /* FriendDetailsViewController.swift */; };
		A2B65A461C4BEBC50013AA13 /* Friend.swift in Sources */ = {isa = PBXBuildFile; fileRef = A2B65A451C4BEBC50013AA13 /* Friend.swift */; };
		A2EE46C01C4094870055F1A5 /* FriendListViewController.swift in Sources */ = {isa = PBXBuildFile; fileRef = A2EE46BF1C4094870055F1A5 /* FriendListViewController.swift */; };
/* End PBXBuildFile section */

/* Begin PBXFileReference section */
		A29863501C409135006C397E /* FriendbookPlus.app */ = {isa = PBXFileReference; explicitFileType = wrapper.application; includeInIndex = 0; path = FriendbookPlus.app; sourceTree = BUILT_PRODUCTS_DIR; };
		A29863531C409135006C397E /* AppDelegate.swift */ = {isa = PBXFileReference; lastKnownFileType = sourcecode.swift; path = AppDelegate.swift; sourceTree = "<group>"; };
		A29863581C409135006C397E /* Base */ = {isa = PBXFileReference; lastKnownFileType = file.storyboard; name = Base; path = Base.lproj/Main.storyboard; sourceTree = "<group>"; };
		A298635A1C409135006C397E /* Assets.xcassets */ = {isa = PBXFileReference; lastKnownFileType = folder.assetcatalog; path = Assets.xcassets; sourceTree = "<group>"; };
		A298635D1C409135006C397E /* Base */ = {isa = PBXFileReference; lastKnownFileType = file.storyboard; name = Base; path = Base.lproj/LaunchScreen.storyboard; sourceTree = "<group>"; };
		A298635F1C409135006C397E /* Info.plist */ = {isa = PBXFileReference; lastKnownFileType = text.plist.xml; path = Info.plist; sourceTree = "<group>"; };
		A2B65A431C4BE6580013AA13 /* FriendDetailsViewController.swift */ = {isa = PBXFileReference; fileEncoding = 4; lastKnownFileType = sourcecode.swift; path = FriendDetailsViewController.swift; sourceTree = "<group>"; };
		A2B65A451C4BEBC50013AA13 /* Friend.swift */ = {isa = PBXFileReference; fileEncoding = 4; lastKnownFileType = sourcecode.swift; path = Friend.swift; sourceTree = "<group>"; };
		A2EE46BF1C4094870055F1A5 /* FriendListViewController.swift */ = {isa = PBXFileReference; fileEncoding = 4; lastKnownFileType = sourcecode.swift; path = FriendListViewController.swift; sourceTree = "<group>"; };
/* End PBXFileReference section */

/* Begin PBXFrameworksBuildPhase section */
		A298634D1C409135006C397E /* Frameworks */ = {
			isa = PBXFrameworksBuildPhase;
			buildActionMask = 2147483647;
			files = (
			);
			runOnlyForDeploymentPostprocessing = 0;
		};
/* End PBXFrameworksBuildPhase section */

/* Begin PBXGroup section */
		A29863471C409135006C397E = {
			isa = PBXGroup;
			children = (
				A29863521C409135006C397E /* FriendbookPlus */,
				A29863511C409135006C397E /* Products */,
			);
			sourceTree = "<group>";
		};
		A29863511C409135006C397E /* Products */ = {
			isa = PBXGroup;
			children = (
				A29863501C409135006C397E /* FriendbookPlus.app */,
			);
			name = Products;
			sourceTree = "<group>";
		};
		A29863521C409135006C397E /* FriendbookPlus */ = {
			isa = PBXGroup;
			children = (
				A2EE46BF1C4094870055F1A5 /* FriendListViewController.swift */,
				A2B65A431C4BE6580013AA13 /* FriendDetailsViewController.swift */,
				A29863531C409135006C397E /* AppDelegate.swift */,
				A29863571C409135006C397E /* Main.storyboard */,
				A298635A1C409135006C397E /* Assets.xcassets */,
				A298635C1C409135006C397E /* LaunchScreen.storyboard */,
				A298635F1C409135006C397E /* Info.plist */,
				A2B65A451C4BEBC50013AA13 /* Friend.swift */,
			);
			path = FriendbookPlus;
			sourceTree = "<group>";
		};
/* End PBXGroup section */

/* Begin PBXNativeTarget section */
		A298634F1C409135006C397E /* FriendbookPlus */ = {
			isa = PBXNativeTarget;
			buildConfigurationList = A29863621C409135006C397E /* Build configuration list for PBXNativeTarget "FriendbookPlus" */;
			buildPhases = (
				A298634C1C409135006C397E /* Sources */,
				A298634D1C409135006C397E /* Frameworks */,
				A298634E1C409135006C397E /* Resources */,
			);
			buildRules = (
			);
			dependencies = (
			);
			name = FriendbookPlus;
			productName = FriendbookPlus;
			productReference = A29863501C409135006C397E /* FriendbookPlus.app */;
			productType = "com.apple.product-type.application";
		};
/* End PBXNativeTarget section */

/* Begin PBXProject section */
		A29863481C409135006C397E /* Project object */ = {
			isa = PBXProject;
			attributes = {
				LastSwiftUpdateCheck = 0720;
				LastUpgradeCheck = 0720;
				ORGANIZATIONNAME = "Tai Nguyen Bui";
				TargetAttributes = {
					A298634F1C409135006C397E = {
						CreatedOnToolsVersion = 7.2;
						DevelopmentTeam = TT84SS6B3A;
					};
				};
			};
			buildConfigurationList = A298634B1C409135006C397E /* Build configuration list for PBXProject "FriendbookPlus" */;
			compatibilityVersion = "Xcode 3.2";
			developmentRegion = English;
			hasScannedForEncodings = 0;
			knownRegions = (
				en,
				Base,
			);
			mainGroup = A29863471C409135006C397E;
			productRefGroup = A29863511C409135006C397E /* Products */;
			projectDirPath = "";
			projectRoot = "";
			targets = (
				A298634F1C409135006C397E /* FriendbookPlus */,
			);
		};
/* End PBXProject section */

/* Begin PBXResourcesBuildPhase section */
		A298634E1C409135006C397E /* Resources */ = {
			isa = PBXResourcesBuildPhase;
			buildActionMask = 2147483647;
			files = (
				A298635E1C409135006C397E /* LaunchScreen.storyboard in Resources */,
				A298635B1C409135006C397E /* Assets.xcassets in Resources */,
				A29863591C409135006C397E /* Main.storyboard in Resources */,
			);
			runOnlyForDeploymentPostprocessing = 0;
		};
/* End PBXResourcesBuildPhase section */

/* Begin PBXSourcesBuildPhase section */
		A298634C1C409135006C397E /* Sources */ = {
			isa = PBXSourcesBuildPhase;
			buildActionMask = 2147483647;
			files = (
				A2B65A441C4BE6580013AA13 /* FriendDetailsViewController.swift in Sources */,
				A2EE46C01C4094870055F1A5 /* FriendListViewController.swift in Sources */,
				A29863541C409135006C397E /* AppDelegate.swift in Sources */,
				A2B65A461C4BEBC50013AA13 /* Friend.swift in Sources */,
			);
			runOnlyForDeploymentPostprocessing = 0;
		};
/* End PBXSourcesBuildPhase section */

/* Begin PBXVariantGroup section */
		A29863571C409135006C397E /* Main.storyboard */ = {
			isa = PBXVariantGroup;
			children = (
				A29863581C409135006C397E /* Base */,
			);
			name = Main.storyboard;
			sourceTree = "<group>";
		};
		A298635C1C409135006C397E /* LaunchScreen.storyboard */ = {
			isa = PBXVariantGroup;
			children = (
				A298635D1C409135006C397E /* Base */,
			);
			name = LaunchScreen.storyboard;
			sourceTree = "<group>";
		};
/* End PBXVariantGroup section */

/* Begin XCBuildConfiguration section */
		A29863601C409135006C397E /* Debug */ = {
			isa = XCBuildConfiguration;
			buildSettings = {
				ALWAYS_SEARCH_USER_PATHS = NO;
				CLANG_CXX_LANGUAGE_STANDARD = "gnu++0x";
				CLANG_CXX_LIBRARY = "libc++";
				CLANG_ENABLE_MODULES = YES;
				CLANG_ENABLE_OBJC_ARC = YES;
				CLANG_WARN_BOOL_CONVERSION = YES;
				CLANG_WARN_CONSTANT_CONVERSION = YES;
				CLANG_WARN_DIRECT_OBJC_ISA_USAGE = YES_ERROR;
				CLANG_WARN_EMPTY_BODY = YES;
				CLANG_WARN_ENUM_CONVERSION = YES;
				CLANG_WARN_INT_CONVERSION = YES;
				CLANG_WARN_OBJC_ROOT_CLASS = YES_ERROR;
				CLANG_WARN_UNREACHABLE_CODE = YES;
				CLANG_WARN__DUPLICATE_METHOD_MATCH = YES;
				"CODE_SIGN_IDENTITY[sdk=iphoneos*]" = "iPhone Developer";
				COPY_PHASE_STRIP = NO;
				DEBUG_INFORMATION_FORMAT = dwarf;
				ENABLE_STRICT_OBJC_MSGSEND = YES;
				ENABLE_TESTABILITY = YES;
				GCC_C_LANGUAGE_STANDARD = gnu99;
				GCC_DYNAMIC_NO_PIC = NO;
				GCC_NO_COMMON_BLOCKS = YES;
				GCC_OPTIMIZATION_LEVEL = 0;
				GCC_PREPROCESSOR_DEFINITIONS = (
					"DEBUG=1",
					"$(inherited)",
				);
				GCC_WARN_64_TO_32_BIT_CONVERSION = YES;
				GCC_WARN_ABOUT_RETURN_TYPE = YES_ERROR;
				GCC_WARN_UNDECLARED_SELECTOR = YES;
				GCC_WARN_UNINITIALIZED_AUTOS = YES_AGGRESSIVE;
				GCC_WARN_UNUSED_FUNCTION = YES;
				GCC_WARN_UNUSED_VARIABLE = YES;
				IPHONEOS_DEPLOYMENT_TARGET = 9.2;
				MTL_ENABLE_DEBUG_INFO = YES;
				ONLY_ACTIVE_ARCH = YES;
				SDKROOT = iphoneos;
				SWIFT_OPTIMIZATION_LEVEL = "-Onone";
				TARGETED_DEVICE_FAMILY = "1,2";
			};
			name = Debug;
		};
		A29863611C409135006C397E /* Release */ = {
			isa = XCBuildConfiguration;
			buildSettings = {
				ALWAYS_SEARCH_USER_PATHS = NO;
				CLANG_CXX_LANGUAGE_STANDARD = "gnu++0x";
				CLANG_CXX_LIBRARY = "libc++";
				CLANG_ENABLE_MODULES = YES;
				CLANG_ENABLE_OBJC_ARC = YES;
				CLANG_WARN_BOOL_CONVERSION = YES;
				CLANG_WARN_CONSTANT_CONVERSION = YES;
				CLANG_WARN_DIRECT_OBJC_ISA_USAGE = YES_ERROR;
				CLANG_WARN_EMPTY_BODY = YES;
				CLANG_WARN_ENUM_CONVERSION = YES;
				CLANG_WARN_INT_CONVERSION = YES;
				CLANG_WARN_OBJC_ROOT_CLASS = YES_ERROR;
				CLANG_WARN_UNREACHABLE_CODE = YES;
				CLANG_WARN__DUPLICATE_METHOD_MATCH = YES;
				"CODE_SIGN_IDENTITY[sdk=iphoneos*]" = "iPhone Developer";
				COPY_PHASE_STRIP = NO;
				DEBUG_INFORMATION_FORMAT = "dwarf-with-dsym";
				ENABLE_NS_ASSERTIONS = NO;
				ENABLE_STRICT_OBJC_MSGSEND = YES;
				GCC_C_LANGUAGE_STANDARD = gnu99;
				GCC_NO_COMMON_BLOCKS = YES;
				GCC_WARN_64_TO_32_BIT_CONVERSION = YES;
				GCC_WARN_ABOUT_RETURN_TYPE = YES_ERROR;
				GCC_WARN_UNDECLARED_SELECTOR = YES;
				GCC_WARN_UNINITIALIZED_AUTOS = YES_AGGRESSIVE;
				GCC_WARN_UNUSED_FUNCTION = YES;
				GCC_WARN_UNUSED_VARIABLE = YES;
				IPHONEOS_DEPLOYMENT_TARGET = 9.2;
				MTL_ENABLE_DEBUG_INFO = NO;
				SDKROOT = iphoneos;
				TARGETED_DEVICE_FAMILY = "1,2";
				VALIDATE_PRODUCT = YES;
			};
			name = Release;
		};
		A29863631C409135006C397E /* Debug */ = {
			isa = XCBuildConfiguration;
			buildSettings = {
				ASSETCATALOG_COMPILER_APPICON_NAME = AppIcon;
				INFOPLIST_FILE = FriendbookPlus/Info.plist;
				LD_RUNPATH_SEARCH_PATHS = "$(inherited) @executable_path/Frameworks";
				PRODUCT_BUNDLE_IDENTIFIER = projects.tnb.FriendbookPlus;
				PRODUCT_NAME = "$(TARGET_NAME)";
			};
			name = Debug;
		};
		A29863641C409135006C397E /* Release */ = {
			isa = XCBuildConfiguration;
			buildSettings = {
				ASSETCATALOG_COMPILER_APPICON_NAME = AppIcon;
				INFOPLIST_FILE = FriendbookPlus/Info.plist;
				LD_RUNPATH_SEARCH_PATHS = "$(inherited) @executable_path/Frameworks";
				PRODUCT_BUNDLE_IDENTIFIER = projects.tnb.FriendbookPlus;
				PRODUCT_NAME = "$(TARGET_NAME)";
			};
			name = Release;
		};
/* End XCBuildConfiguration section */

/* Begin XCConfigurationList section */
		A298634B1C409135006C397E /* Build configuration list for PBXProject "FriendbookPlus" */ = {
			isa = XCConfigurationList;
			buildConfigurations = (
				A29863601C409135006C397E /* Debug */,
				A29863611C409135006C397E /* Release */,
			);
			defaultConfigurationIsVisible = 0;
			defaultConfigurationName = Release;
		};
		A29863621C409135006C397E /* Build configuration list for PBXNativeTarget "FriendbookPlus" */ = {
			isa = XCConfigurationList;
			buildConfigurations = (
				A29863631C409135006C397E /* Debug */,
				A29863641C409135006C397E /* Release */,
			);
			defaultConfigurationIsVisible = 0;
			defaultConfigurationName = Release;
		};
/* End XCConfigurationList section */
	};
	rootObject = A29863481C409135006C397E /* Project object */;
}
